
Microsoft Visual Studio Solution File, Format Version 12.00
# Visual Studio Version 16
VisualStudioVersion = 16.0.28803.156
MinimumVisualStudioVersion = 10.0.40219.1
Project("{9A19103F-16F7-4668-BE54-9A1E7A4F7556}") = "Iterator", "Iterator\Iterator.csproj", "{91137852-38AD-47C5-81CC-389BBDCBB0C4}"
EndProject
Project("{9A19103F-16F7-4668-BE54-9A1E7A4F7556}") = "FileAdapter", "FileAdapter\FileAdapter.csproj", "{7E53338E-CB77-4D5E-ACE3-B9CFF048AA03}"
EndProject
Project("{9A19103F-16F7-4668-BE54-9A1E7A4F7556}") = "DisplayTemplate", "DisplayTemplate\DisplayTemplate.csproj", "{8747E480-301A-4E53-8878-3B9F9867962B}"
EndProject
Project("{9A19103F-16F7-4668-BE54-9A1E7A4F7556}") = "CardFactory", "CardFactory\CardFactory.csproj", "{AF8DBF54-1C72-4621-9332-201392DAA38D}"
EndProject
Project("{9A19103F-16F7-4668-BE54-9A1E7A4F7556}") = "TicketMaker", "TicketMaker\TicketMaker.csproj", "{CAEF846D-2964-47F1-A141-15017FCD0BE1}"
EndProject
Project("{9A19103F-16F7-4668-BE54-9A1E7A4F7556}") = "TripleInstance", "TripleInstance\TripleInstance.csproj", "{79A77D6E-B99B-4AC1-AAF6-A7FBA8CEA458}"
EndProject
Project("{9A19103F-16F7-4668-BE54-9A1E7A4F7556}") = "Prototype", "Prototype\Prototype.csproj", "{AB24F776-1134-4B24-838D-8F6175790640}"
EndProject
Project("{9A19103F-16F7-4668-BE54-9A1E7A4F7556}") = "DocumentBuilder", "DocumentBuilder\DocumentBuilder.csproj", "{52BEAC82-6156-435F-A170-A99EF88DB961}"
EndProject
Project("{9A19103F-16F7-4668-BE54-9A1E7A4F7556}") = "LinkPageCreater", "LinkPageCreater\LinkPageCreater.csproj", "{C7A6344D-1E44-483F-BE0B-B17730A6B9B6}"
EndProject
Project("{9A19103F-16F7-4668-BE54-9A1E7A4F7556}") = "Displayer", "Displayer\Displayer.csproj", "{15CE4F76-B6D0-439B-8088-F1B34C2A6977}"
EndProject
Project("{9A19103F-16F7-4668-BE54-9A1E7A4F7556}") = "JankenStrategy", "JankenStrategy\JankenStrategy.csproj", "{50E5549A-50F2-42CC-BE44-893FE3BD9AE9}"
EndProject
Project("{9A19103F-16F7-4668-BE54-9A1E7A4F7556}") = "CompositeDirectory", "CompositeDirectory\CompositeDirectory.csproj", "{3A7120E9-3E61-48D3-B5BE-F1CE4F3C2716}"
EndProject
Project("{9A19103F-16F7-4668-BE54-9A1E7A4F7556}") = "StringDecorator", "StringDecorator\StringDecorator.csproj", "{99A2D79B-3A51-4F8C-B2FD-35A61D1E216D}"
EndProject
Project("{FAE04EC0-301F-11D3-BF4B-00C04F79EFBC}") = "EntryVisitor", "EntryVisitor\EntryVisitor.csproj", "{BBE097EC-3167-43AE-8A0A-A3D19139B264}"
EndProject
Global
	GlobalSection(SolutionConfigurationPlatforms) = preSolution
		Debug|Any CPU = Debug|Any CPU
		Release|Any CPU = Release|Any CPU
	EndGlobalSection
	GlobalSection(ProjectConfigurationPlatforms) = postSolution
		{91137852-38AD-47C5-81CC-389BBDCBB0C4}.Debug|Any CPU.ActiveCfg = Debug|Any CPU
		{91137852-38AD-47C5-81CC-389BBDCBB0C4}.Debug|Any CPU.Build.0 = Debug|Any CPU
		{91137852-38AD-47C5-81CC-389BBDCBB0C4}.Release|Any CPU.ActiveCfg = Release|Any CPU
		{91137852-38AD-47C5-81CC-389BBDCBB0C4}.Release|Any CPU.Build.0 = Release|Any CPU
		{7E53338E-CB77-4D5E-ACE3-B9CFF048AA03}.Debug|Any CPU.ActiveCfg = Debug|Any CPU
		{7E53338E-CB77-4D5E-ACE3-B9CFF048AA03}.Debug|Any CPU.Build.0 = Debug|Any CPU
		{7E53338E-CB77-4D5E-ACE3-B9CFF048AA03}.Release|Any CPU.ActiveCfg = Release|Any CPU
		{7E53338E-CB77-4D5E-ACE3-B9CFF048AA03}.Release|Any CPU.Build.0 = Release|Any CPU
		{8747E480-301A-4E53-8878-3B9F9867962B}.Debug|Any CPU.ActiveCfg = Debug|Any CPU
		{8747E480-301A-4E53-8878-3B9F9867962B}.Debug|Any CPU.Build.0 = Debug|Any CPU
		{8747E480-301A-4E53-8878-3B9F9867962B}.Release|Any CPU.ActiveCfg = Release|Any CPU
		{8747E480-301A-4E53-8878-3B9F9867962B}.Release|Any CPU.Build.0 = Release|Any CPU
		{AF8DBF54-1C72-4621-9332-201392DAA38D}.Debug|Any CPU.ActiveCfg = Debug|Any CPU
		{AF8DBF54-1C72-4621-9332-201392DAA38D}.Debug|Any CPU.Build.0 = Debug|Any CPU
		{AF8DBF54-1C72-4621-9332-201392DAA38D}.Release|Any CPU.ActiveCfg = Release|Any CPU
		{AF8DBF54-1C72-4621-9332-201392DAA38D}.Release|Any CPU.Build.0 = Release|Any CPU
		{CAEF846D-2964-47F1-A141-15017FCD0BE1}.Debug|Any CPU.ActiveCfg = Debug|Any CPU
		{CAEF846D-2964-47F1-A141-15017FCD0BE1}.Debug|Any CPU.Build.0 = Debug|Any CPU
		{CAEF846D-2964-47F1-A141-15017FCD0BE1}.Release|Any CPU.ActiveCfg = Release|Any CPU
		{CAEF846D-2964-47F1-A141-15017FCD0BE1}.Release|Any CPU.Build.0 = Release|Any CPU
		{79A77D6E-B99B-4AC1-AAF6-A7FBA8CEA458}.Debug|Any CPU.ActiveCfg = Debug|Any CPU
		{79A77D6E-B99B-4AC1-AAF6-A7FBA8CEA458}.Debug|Any CPU.Build.0 = Debug|Any CPU
		{79A77D6E-B99B-4AC1-AAF6-A7FBA8CEA458}.Release|Any CPU.ActiveCfg = Release|Any CPU
		{79A77D6E-B99B-4AC1-AAF6-A7FBA8CEA458}.Release|Any CPU.Build.0 = Release|Any CPU
		{AB24F776-1134-4B24-838D-8F6175790640}.Debug|Any CPU.ActiveCfg = Debug|Any CPU
		{AB24F776-1134-4B24-838D-8F6175790640}.Debug|Any CPU.Build.0 = Debug|Any CPU
		{AB24F776-1134-4B24-838D-8F6175790640}.Release|Any CPU.ActiveCfg = Release|Any CPU
		{AB24F776-1134-4B24-838D-8F6175790640}.Release|Any CPU.Build.0 = Release|Any CPU
		{52BEAC82-6156-435F-A170-A99EF88DB961}.Debug|Any CPU.ActiveCfg = Debug|Any CPU
		{52BEAC82-6156-435F-A170-A99EF88DB961}.Debug|Any CPU.Build.0 = Debug|Any CPU
		{52BEAC82-6156-435F-A170-A99EF88DB961}.Release|Any CPU.ActiveCfg = Release|Any CPU
		{52BEAC82-6156-435F-A170-A99EF88DB961}.Release|Any CPU.Build.0 = Release|Any CPU
		{C7A6344D-1E44-483F-BE0B-B17730A6B9B6}.Debug|Any CPU.ActiveCfg = Debug|Any CPU
		{C7A6344D-1E44-483F-BE0B-B17730A6B9B6}.Debug|Any CPU.Build.0 = Debug|Any CPU
		{C7A6344D-1E44-483F-BE0B-B17730A6B9B6}.Release|Any CPU.ActiveCfg = Release|Any CPU
		{C7A6344D-1E44-483F-BE0B-B17730A6B9B6}.Release|Any CPU.Build.0 = Release|Any CPU
		{15CE4F76-B6D0-439B-8088-F1B34C2A6977}.Debug|Any CPU.ActiveCfg = Debug|Any CPU
		{15CE4F76-B6D0-439B-8088-F1B34C2A6977}.Debug|Any CPU.Build.0 = Debug|Any CPU
		{15CE4F76-B6D0-439B-8088-F1B34C2A6977}.Release|Any CPU.ActiveCfg = Release|Any CPU
		{15CE4F76-B6D0-439B-8088-F1B34C2A6977}.Release|Any CPU.Build.0 = Release|Any CPU
		{50E5549A-50F2-42CC-BE44-893FE3BD9AE9}.Debug|Any CPU.ActiveCfg = Debug|Any CPU
		{50E5549A-50F2-42CC-BE44-893FE3BD9AE9}.Debug|Any CPU.Build.0 = Debug|Any CPU
		{50E5549A-50F2-42CC-BE44-893FE3BD9AE9}.Release|Any CPU.ActiveCfg = Release|Any CPU
		{50E5549A-50F2-42CC-BE44-893FE3BD9AE9}.Release|Any CPU.Build.0 = Release|Any CPU
		{3A7120E9-3E61-48D3-B5BE-F1CE4F3C2716}.Debug|Any CPU.ActiveCfg = Debug|Any CPU
		{3A7120E9-3E61-48D3-B5BE-F1CE4F3C2716}.Debug|Any CPU.Build.0 = Debug|Any CPU
		{3A7120E9-3E61-48D3-B5BE-F1CE4F3C2716}.Release|Any CPU.ActiveCfg = Release|Any CPU
		{3A7120E9-3E61-48D3-B5BE-F1CE4F3C2716}.Release|Any CPU.Build.0 = Release|Any CPU
		{99A2D79B-3A51-4F8C-B2FD-35A61D1E216D}.Debug|Any CPU.ActiveCfg = Debug|Any CPU
		{99A2D79B-3A51-4F8C-B2FD-35A61D1E216D}.Debug|Any CPU.Build.0 = Debug|Any CPU
		{99A2D79B-3A51-4F8C-B2FD-35A61D1E216D}.Release|Any CPU.ActiveCfg = Release|Any CPU
		{99A2D79B-3A51-4F8C-B2FD-35A61D1E216D}.Release|Any CPU.Build.0 = Release|Any CPU
		{BBE097EC-3167-43AE-8A0A-A3D19139B264}.Debug|Any CPU.ActiveCfg = Debug|Any CPU
		{BBE097EC-3167-43AE-8A0A-A3D19139B264}.Debug|Any CPU.Build.0 = Debug|Any CPU
		{BBE097EC-3167-43AE-8A0A-A3D19139B264}.Release|Any CPU.ActiveCfg = Release|Any CPU
		{BBE097EC-3167-43AE-8A0A-A3D19139B264}.Release|Any CPU.Build.0 = Release|Any CPU
	EndGlobalSection
	GlobalSection(SolutionProperties) = preSolution
		HideSolutionNode = FALSE
	EndGlobalSection
	GlobalSection(ExtensibilityGlobals) = postSolution
		SolutionGuid = {FE38E40E-BED2-49F4-9C45-29D43D1AEE27}
	EndGlobalSection
EndGlobal
